
Microsoft Visual Studio Solution File, Format Version 12.00
# Visual Studio 15
VisualStudioVersion = 15.0.26124.0
MinimumVisualStudioVersion = 15.0.26124.0
Project("{2150E333-8FDC-42A3-9474-1A3956D46DE8}") = "src", "src", "{6346E160-3774-4C2F-B19E-42F676816686}"
EndProject
Project("{FAE04EC0-301F-11D3-BF4B-00C04F79EFBC}") = "SimpleAPI", "src\SimpleAPI\SimpleAPI.csproj", "{FA6781BF-AC71-4E55-A7ED-C1CAC6470687}"
EndProject
Project("{2150E333-8FDC-42A3-9474-1A3956D46DE8}") = "test", "test", "{BC291F5F-D633-4060-A90F-59CE319FF6C0}"
EndProject
Project("{FAE04EC0-301F-11D3-BF4B-00C04F79EFBC}") = "SimpleAPI.Test", "test\SimpleAPI.Test\SimpleAPI.Test.csproj", "{6438FFD5-52F4-4853-A378-2AE176E67302}"
EndProject
Global
	GlobalSection(SolutionConfigurationPlatforms) = preSolution
		Debug|Any CPU = Debug|Any CPU
		Debug|x64 = Debug|x64
		Debug|x86 = Debug|x86
		Release|Any CPU = Release|Any CPU
		Release|x64 = Release|x64
		Release|x86 = Release|x86
	EndGlobalSection
	GlobalSection(SolutionProperties) = preSolution
		HideSolutionNode = FALSE
	EndGlobalSection
	GlobalSection(ProjectConfigurationPlatforms) = postSolution
		{FA6781BF-AC71-4E55-A7ED-C1CAC6470687}.Debug|Any CPU.ActiveCfg = Debug|Any CPU
		{FA6781BF-AC71-4E55-A7ED-C1CAC6470687}.Debug|Any CPU.Build.0 = Debug|Any CPU
		{FA6781BF-AC71-4E55-A7ED-C1CAC6470687}.Debug|x64.ActiveCfg = Debug|Any CPU
		{FA6781BF-AC71-4E55-A7ED-C1CAC6470687}.Debug|x64.Build.0 = Debug|Any CPU
		{FA6781BF-AC71-4E55-A7ED-C1CAC6470687}.Debug|x86.ActiveCfg = Debug|Any CPU
		{FA6781BF-AC71-4E55-A7ED-C1CAC6470687}.Debug|x86.Build.0 = Debug|Any CPU
		{FA6781BF-AC71-4E55-A7ED-C1CAC6470687}.Release|Any CPU.ActiveCfg = Release|Any CPU
		{FA6781BF-AC71-4E55-A7ED-C1CAC6470687}.Release|Any CPU.Build.0 = Release|Any CPU
		{FA6781BF-AC71-4E55-A7ED-C1CAC6470687}.Release|x64.ActiveCfg = Release|Any CPU
		{FA6781BF-AC71-4E55-A7ED-C1CAC6470687}.Release|x64.Build.0 = Release|Any CPU
		{FA6781BF-AC71-4E55-A7ED-C1CAC6470687}.Release|x86.ActiveCfg = Release|Any CPU
		{FA6781BF-AC71-4E55-A7ED-C1CAC6470687}.Release|x86.Build.0 = Release|Any CPU
		{6438FFD5-52F4-4853-A378-2AE176E67302}.Debug|Any CPU.ActiveCfg = Debug|Any CPU
		{6438FFD5-52F4-4853-A378-2AE176E67302}.Debug|Any CPU.Build.0 = Debug|Any CPU
		{6438FFD5-52F4-4853-A378-2AE176E67302}.Debug|x64.ActiveCfg = Debug|Any CPU
		{6438FFD5-52F4-4853-A378-2AE176E67302}.Debug|x64.Build.0 = Debug|Any CPU
		{6438FFD5-52F4-4853-A378-2AE176E67302}.Debug|x86.ActiveCfg = Debug|Any CPU
		{6438FFD5-52F4-4853-A378-2AE176E67302}.Debug|x86.Build.0 = Debug|Any CPU
		{6438FFD5-52F4-4853-A378-2AE176E67302}.Release|Any CPU.ActiveCfg = Release|Any CPU
		{6438FFD5-52F4-4853-A378-2AE176E67302}.Release|Any CPU.Build.0 = Release|Any CPU
		{6438FFD5-52F4-4853-A378-2AE176E67302}.Release|x64.ActiveCfg = Release|Any CPU
		{6438FFD5-52F4-4853-A378-2AE176E67302}.Release|x64.Build.0 = Release|Any CPU
		{6438FFD5-52F4-4853-A378-2AE176E67302}.Release|x86.ActiveCfg = Release|Any CPU
		{6438FFD5-52F4-4853-A378-2AE176E67302}.Release|x86.Build.0 = Release|Any CPU
	EndGlobalSection
	GlobalSection(NestedProjects) = preSolution
		{FA6781BF-AC71-4E55-A7ED-C1CAC6470687} = {6346E160-3774-4C2F-B19E-42F676816686}
		{6438FFD5-52F4-4853-A378-2AE176E67302} = {BC291F5F-D633-4060-A90F-59CE319FF6C0}
	EndGlobalSection
EndGlobal
